# This file is autogenerated, do not edit; changes may be undone by the next 'dep ensure'.


[[projects]]
  name = "github.com/awalterschulze/gographviz"
  packages = [".","ast","internal/errors","internal/lexer","internal/parser","internal/token"]
  revision = "c84395e536e1a1199093a4e6253d1bee99e4cd2a"
  version = "v2.0"

[[projects]]
  name = "github.com/chewxy/hm"
  packages = ["."]
  revision = "61efb3290a086d1335e8954b3734c102126818ba"
  version = "v1.0.0"

[[projects]]
  name = "github.com/chewxy/math32"
  packages = ["."]
  revision = "d1e7b22839c693f54edf7811dd9487623abf2cd2"
  version = "v1.0.0"

[[projects]]
  branch = "master"
  name = "github.com/cznic/cc"
  packages = ["."]
  revision = "4b6ffb9b78274da2e22ebec3c84c7603ac6c21f8"

[[projects]]
  branch = "master"
  name = "github.com/cznic/golex"
  packages = ["lex"]
  revision = "4ab7c5e190e49208c823ce8ec803aa39e6a4b31a"

[[projects]]
  branch = "master"
  name = "github.com/cznic/mathutil"
  packages = ["."]
  revision = "7764e6a2216aaa02c36f75aad62538d39c2962c2"

[[projects]]
  branch = "master"
  name = "github.com/cznic/strutil"
  packages = ["."]
  revision = "529a34b1c186b483642a7a230c67521d9aa4b0fb"

[[projects]]
  branch = "master"
  name = "github.com/cznic/xc"
  packages = ["."]
  revision = "056465bb2be50ec239d754187e1cccbe1b940aa6"

[[projects]]
  name = "github.com/davecgh/go-spew"
  packages = ["spew"]
  revision = "346938d642f2ec3594ed81d874461961cd0faa76"
  version = "v1.1.0"

[[projects]]
  branch = "master"
  name = "github.com/leesper/go_rng"
  packages = ["."]
  revision = "5344a9259b21627d94279721ab1f27eb029194e7"

[[projects]]
  name = "github.com/mattn/go-runewidth"
  packages = ["."]
  revision = "9e777a8366cce605130a531d2cd6363d07ad7317"
  version = "v0.0.2"

[[projects]]
  name = "github.com/pkg/errors"
  packages = ["."]
  revision = "645ef00459ed84a119197bfb8d8205042c6df63d"
  version = "v0.8.0"

[[projects]]
  name = "github.com/pmezard/go-difflib"
  packages = ["difflib"]
  revision = "792786c7400a136282c1664665ae0a8db921c6c2"
  version = "v1.0.0"

[[projects]]
  name = "github.com/stretchr/testify"
  packages = ["assert"]
  revision = "69483b4bd14f5845b5a1e55bca19e954e827f1d0"
  version = "v1.1.4"

[[projects]]
  name = "github.com/xtgo/set"
  packages = ["."]
  revision = "708d80f4a27458f99f8ca12bd0e638c6ee65627f"
  version = "v1.0.0"

[[projects]]
  branch = "master"
  name = "golang.org/x/sys"
  packages = ["unix"]
  revision = "7dca6fe1f43775aa6d1334576870ff63f978f539"

[[projects]]
  branch = "master"
  name = "gonum.org/v1/gonum"
  packages = ["blas","blas/blas64","blas/gonum","floats","graph","graph/internal/linear","graph/internal/ordered","graph/internal/set","graph/topo","graph/traverse","internal/asm/c128","internal/asm/f32","internal/asm/f64","internal/math32","lapack","lapack/gonum","lapack/lapack64","mat"]
  revision = "052ff404ed7bcbcf5c326f45dd2e8021cef6af9f"

[[projects]]
  branch = "master"
  name = "gonum.org/v1/netlib"
  packages = ["blas/netlib","internal/binding"]
  revision = "2930667cbeaa66fe9a41ef1955d751339ba1fc54"

[[projects]]
  name = "gopkg.in/cheggaaa/pb.v1"
  packages = ["."]
  revision = "72b964305fba1230d3d818711138195f22b9ceea"
  version = "v1.0.22"

[[projects]]
  name = "gorgonia.org/cu"
  packages = ["."]
  revision = "32f165836e285c14a4f78c455872d069e0cc5a7d"
  version = "v0.8.0"

[[projects]]
  name = "gorgonia.org/dawson"
  packages = ["."]
  revision = "533b0e96b43fab42278a9b8cb04b8a1f5ca566b3"
  version = "v1.0.0"

[[projects]]
  name = "gorgonia.org/tensor"
  packages = [".","internal/execution","internal/storage"]
  revision = "2ab2564f998fe504b94a1679c1c95277cdedea47"
  version = "v0.8.1"

[[projects]]
  branch = "master"
  name = "gorgonia.org/vecf32"
  packages = ["."]
  revision = "da24147133d9b1c7aa847b9e9d77d6ffa3980e0b"

[[projects]]
  branch = "master"
  name = "gorgonia.org/vecf64"
  packages = ["."]
  revision = "6314d1b6cefc75ece7e9b787afabac009c892b1e"

[solve-meta]
  analyzer-name = "dep"
  analyzer-version = 1
  inputs-digest = "de22ff6398b8e12e011839b5f6030a3ece63c08462c043c9f8993e8ead721c52"
  solver-name = "gps-cdcl"
  solver-version = 1
