# This file is autogenerated, do not edit; changes may be undone by the next 'dep ensure'.


[[projects]]
  name = "github.com/awalterschulze/gographviz"
  packages = [".","ast","internal/errors","internal/lexer","internal/parser","internal/token"]
  revision = "c84395e536e1a1199093a4e6253d1bee99e4cd2a"
  version = "v2.0"

[[projects]]
  name = "github.com/chewxy/hm"
  packages = ["."]
  revision = "61efb3290a086d1335e8954b3734c102126818ba"
  version = "v1.0.0"

[[projects]]
  name = "github.com/chewxy/math32"
  packages = ["."]
  revision = "d1e7b22839c693f54edf7811dd9487623abf2cd2"
  version = "v1.0.0"

[[projects]]
  branch = "master"
  name = "github.com/cznic/cc"
  packages = ["."]
  revision = "b98d4a758e7bcca3eabdbc1ae0139db6e52252ab"

[[projects]]
  branch = "master"
  name = "github.com/cznic/golex"
  packages = ["lex"]
  revision = "4ab7c5e190e49208c823ce8ec803aa39e6a4b31a"

[[projects]]
  branch = "master"
  name = "github.com/cznic/mathutil"
  packages = ["."]
  revision = "91af0ce59d1753e5eeaa6a3fd8f7aeeba01f1210"

[[projects]]
  branch = "master"
  name = "github.com/cznic/strutil"
  packages = ["."]
  revision = "43a89592ed56c227c7fdb1fcaf7d1d08be02ec54"

[[projects]]
  branch = "master"
  name = "github.com/cznic/xc"
  packages = ["."]
  revision = "056465bb2be50ec239d754187e1cccbe1b940aa6"

[[projects]]
  name = "github.com/davecgh/go-spew"
  packages = ["spew"]
  revision = "346938d642f2ec3594ed81d874461961cd0faa76"
  version = "v1.1.0"

[[projects]]
  branch = "master"
  name = "github.com/leesper/go_rng"
  packages = ["."]
  revision = "edc201f107a87fc2a2dc965f334c89e50fcd682a"

[[projects]]
  branch = "master"
  name = "github.com/petar/GoMNIST"
  packages = ["."]
  revision = "2fbe10d0fa631498b80acb2b7d8546e5229d57b0"

[[projects]]
  name = "github.com/pkg/errors"
  packages = ["."]
  revision = "645ef00459ed84a119197bfb8d8205042c6df63d"
  version = "v0.8.0"

[[projects]]
  name = "github.com/pmezard/go-difflib"
  packages = ["difflib"]
  revision = "792786c7400a136282c1664665ae0a8db921c6c2"
  version = "v1.0.0"

[[projects]]
  name = "github.com/stretchr/testify"
  packages = ["assert"]
  revision = "69483b4bd14f5845b5a1e55bca19e954e827f1d0"
  version = "v1.1.4"

[[projects]]
  branch = "master"
  name = "github.com/xtgo/set"
  packages = ["."]
  revision = "4431f6b51265b1e0b76af4dafc09d6f12c2bdcd0"

[[projects]]
  branch = "master"
  name = "gonum.org/v1/gonum"
  packages = ["blas","blas/blas64","blas/gonum","floats","graph","graph/internal/linear","graph/internal/ordered","graph/internal/set","graph/topo","graph/traverse","internal/asm/c128","internal/asm/f32","internal/asm/f64","internal/math32","lapack","lapack/gonum","lapack/lapack64","mat"]
  revision = "f818f8f7a9e59de54e475b747a3dc9c86ed141f1"

[[projects]]
  branch = "master"
  name = "gonum.org/v1/netlib"
  packages = ["blas/netlib","internal/binding"]
  revision = "d22599e22c25311208d69b30773390fc4d359d1f"

[[projects]]
  name = "gorgonia.org/cu"
  packages = ["."]
  revision = "0148e5fae1ae087f8000a19fdbfb0b2da75d5ca0"
  version = "v0.8.0"

[[projects]]
  name = "gorgonia.org/tensor"
  packages = [".","internal/execution","internal/storage"]
  revision = "863b76853934d224104ae8cc08f2d27202521242"
  version = "v0.8.0"

[[projects]]
  branch = "master"
  name = "gorgonia.org/vecf32"
  packages = ["."]
  revision = "1f59516136c1a7f1c19871d3dc5f0d9928ffbd7c"

[[projects]]
  branch = "master"
  name = "gorgonia.org/vecf64"
  packages = ["."]
  revision = "92cacded62a76710546770b2b86b1ca82ff76614"

[solve-meta]
  analyzer-name = "dep"
  analyzer-version = 1
  inputs-digest = "5645ce4bb5cb3738047b9a29ddb1c6eb83beb2ee97136d7315a3e73b9a8ec3ae"
  solver-name = "gps-cdcl"
  solver-version = 1
